
Microsoft Visual Studio Solution File, Format Version 12.00
# Visual Studio 14
VisualStudioVersion = 14.0.25420.1
MinimumVisualStudioVersion = 10.0.40219.1
Project("{FAE04EC0-301F-11D3-BF4B-00C04F79EFBC}") = "3gSolucoesAutomacao.WindowsForms", "3gSolucoesAutomacao\3gSolucoesAutomacao.WindowsForms.csproj", "{5D44B1BA-255D-4F22-B063-DBE5A90A3B98}"
EndProject
Project("{FAE04EC0-301F-11D3-BF4B-00C04F79EFBC}") = "3gSolucoesAutomacao.Entidade", "3gSolucoesAutomacao.Entidade\3gSolucoesAutomacao.Entidade.csproj", "{6C49F541-3C2F-4744-8F1D-5E15E4DCAD70}"
EndProject
Project("{FAE04EC0-301F-11D3-BF4B-00C04F79EFBC}") = "3gSolucoesAutomacao.Dados", "3gSolucoesAutomacao.Dados\3gSolucoesAutomacao.Dados.csproj", "{64A844A0-D923-47C0-8B90-82F0D057B8DF}"
EndProject
Project("{FAE04EC0-301F-11D3-BF4B-00C04F79EFBC}") = "3gSolucoesAutomacao.Servico", "3gSolucoesAutomacao.Servico\3gSolucoesAutomacao.Servico.csproj", "{F6A24FB3-E686-452D-8F10-C917103B4B30}"
EndProject
Project("{FAE04EC0-301F-11D3-BF4B-00C04F79EFBC}") = "3gSolucoesAutomacao.Utilitarios", "3gSolucoesAutomacao.Utilitarios\3gSolucoesAutomacao.Utilitarios.csproj", "{F7962129-0314-404A-BBBF-F48DAF0B251B}"
EndProject
Global
	GlobalSection(SolutionConfigurationPlatforms) = preSolution
		Debug|Any CPU = Debug|Any CPU
		Release|Any CPU = Release|Any CPU
	EndGlobalSection
	GlobalSection(ProjectConfigurationPlatforms) = postSolution
		{5D44B1BA-255D-4F22-B063-DBE5A90A3B98}.Debug|Any CPU.ActiveCfg = Debug|Any CPU
		{5D44B1BA-255D-4F22-B063-DBE5A90A3B98}.Debug|Any CPU.Build.0 = Debug|Any CPU
		{5D44B1BA-255D-4F22-B063-DBE5A90A3B98}.Release|Any CPU.ActiveCfg = Release|Any CPU
		{5D44B1BA-255D-4F22-B063-DBE5A90A3B98}.Release|Any CPU.Build.0 = Release|Any CPU
		{6C49F541-3C2F-4744-8F1D-5E15E4DCAD70}.Debug|Any CPU.ActiveCfg = Debug|Any CPU
		{6C49F541-3C2F-4744-8F1D-5E15E4DCAD70}.Debug|Any CPU.Build.0 = Debug|Any CPU
		{6C49F541-3C2F-4744-8F1D-5E15E4DCAD70}.Release|Any CPU.ActiveCfg = Release|Any CPU
		{6C49F541-3C2F-4744-8F1D-5E15E4DCAD70}.Release|Any CPU.Build.0 = Release|Any CPU
		{64A844A0-D923-47C0-8B90-82F0D057B8DF}.Debug|Any CPU.ActiveCfg = Debug|Any CPU
		{64A844A0-D923-47C0-8B90-82F0D057B8DF}.Debug|Any CPU.Build.0 = Debug|Any CPU
		{64A844A0-D923-47C0-8B90-82F0D057B8DF}.Release|Any CPU.ActiveCfg = Release|Any CPU
		{64A844A0-D923-47C0-8B90-82F0D057B8DF}.Release|Any CPU.Build.0 = Release|Any CPU
		{F6A24FB3-E686-452D-8F10-C917103B4B30}.Debug|Any CPU.ActiveCfg = Debug|Any CPU
		{F6A24FB3-E686-452D-8F10-C917103B4B30}.Debug|Any CPU.Build.0 = Debug|Any CPU
		{F6A24FB3-E686-452D-8F10-C917103B4B30}.Release|Any CPU.ActiveCfg = Release|Any CPU
		{F6A24FB3-E686-452D-8F10-C917103B4B30}.Release|Any CPU.Build.0 = Release|Any CPU
		{F7962129-0314-404A-BBBF-F48DAF0B251B}.Debug|Any CPU.ActiveCfg = Debug|Any CPU
		{F7962129-0314-404A-BBBF-F48DAF0B251B}.Debug|Any CPU.Build.0 = Debug|Any CPU
		{F7962129-0314-404A-BBBF-F48DAF0B251B}.Release|Any CPU.ActiveCfg = Release|Any CPU
		{F7962129-0314-404A-BBBF-F48DAF0B251B}.Release|Any CPU.Build.0 = Release|Any CPU
	EndGlobalSection
	GlobalSection(SolutionProperties) = preSolution
		HideSolutionNode = FALSE
	EndGlobalSection
	GlobalSection(ExtensibilityGlobals) = postSolution
		EnterpriseLibraryConfigurationToolBinariesPathV6 = packages\EnterpriseLibrary.Common.6.0.1304.0\lib\NET45;packages\EnterpriseLibrary.Data.6.0.1304.0\lib\NET45
	EndGlobalSection
EndGlobal
